
Microsoft Visual Studio Solution File, Format Version 12.00
# Visual Studio Version 17
VisualStudioVersion = 17.5.002.0
MinimumVisualStudioVersion = 10.0.40219.1
Project("{9A19103F-16F7-4668-BE54-9A1E7A4F7556}") = "App", "App\App.csproj", "{1FA7027A-6F65-49A3-962C-0546D6B26E4F}"
EndProject
Project("{2150E333-8FDC-42A3-9474-1A3956D46DE8}") = "App (1)", "App", "{4C94F3E9-F5CD-477C-B78F-39617F87AA51}"
EndProject
Project("{9A19103F-16F7-4668-BE54-9A1E7A4F7556}") = "test", "App\HulkTests\test.csproj", "{CC7C60C9-76A5-4A84-9B9F-C41FE6904ADE}"
EndProject
Project("{9A19103F-16F7-4668-BE54-9A1E7A4F7556}") = "lib", "App\lib\lib.csproj", "{2E501B62-24FE-4B19-9167-8688E0C5858C}"
EndProject
Global
	GlobalSection(SolutionConfigurationPlatforms) = preSolution
		Debug|Any CPU = Debug|Any CPU
		Release|Any CPU = Release|Any CPU
	EndGlobalSection
	GlobalSection(ProjectConfigurationPlatforms) = postSolution
		{1FA7027A-6F65-49A3-962C-0546D6B26E4F}.Debug|Any CPU.ActiveCfg = Debug|Any CPU
		{1FA7027A-6F65-49A3-962C-0546D6B26E4F}.Debug|Any CPU.Build.0 = Debug|Any CPU
		{1FA7027A-6F65-49A3-962C-0546D6B26E4F}.Release|Any CPU.ActiveCfg = Release|Any CPU
		{1FA7027A-6F65-49A3-962C-0546D6B26E4F}.Release|Any CPU.Build.0 = Release|Any CPU
		{CC7C60C9-76A5-4A84-9B9F-C41FE6904ADE}.Debug|Any CPU.ActiveCfg = Debug|Any CPU
		{CC7C60C9-76A5-4A84-9B9F-C41FE6904ADE}.Debug|Any CPU.Build.0 = Debug|Any CPU
		{CC7C60C9-76A5-4A84-9B9F-C41FE6904ADE}.Release|Any CPU.ActiveCfg = Release|Any CPU
		{CC7C60C9-76A5-4A84-9B9F-C41FE6904ADE}.Release|Any CPU.Build.0 = Release|Any CPU
		{2E501B62-24FE-4B19-9167-8688E0C5858C}.Debug|Any CPU.ActiveCfg = Debug|Any CPU
		{2E501B62-24FE-4B19-9167-8688E0C5858C}.Debug|Any CPU.Build.0 = Debug|Any CPU
		{2E501B62-24FE-4B19-9167-8688E0C5858C}.Release|Any CPU.ActiveCfg = Release|Any CPU
		{2E501B62-24FE-4B19-9167-8688E0C5858C}.Release|Any CPU.Build.0 = Release|Any CPU
	EndGlobalSection
	GlobalSection(SolutionProperties) = preSolution
		HideSolutionNode = FALSE
	EndGlobalSection
	GlobalSection(NestedProjects) = preSolution
		{CC7C60C9-76A5-4A84-9B9F-C41FE6904ADE} = {4C94F3E9-F5CD-477C-B78F-39617F87AA51}
		{2E501B62-24FE-4B19-9167-8688E0C5858C} = {4C94F3E9-F5CD-477C-B78F-39617F87AA51}
	EndGlobalSection
	GlobalSection(ExtensibilityGlobals) = postSolution
		SolutionGuid = {659413CC-CD24-407E-9C74-DDAB34A3FF16}
	EndGlobalSection
EndGlobal
